
Microsoft Visual Studio Solution File, Format Version 12.00
Project("{FAE04EC0-301F-11D3-BF4B-00C04F79EFBC}") = "Jubo.API", "src\services\Jubo.API\Jubo.API.csproj", "{44AC5600-D907-49BB-9D7D-7F5A81112387}"
EndProject
Global
	GlobalSection(SolutionConfigurationPlatforms) = preSolution
		Debug|Any CPU = Debug|Any CPU
		Release|Any CPU = Release|Any CPU
	EndGlobalSection
	GlobalSection(ProjectConfigurationPlatforms) = postSolution
		{44AC5600-D907-49BB-9D7D-7F5A81112387}.Debug|Any CPU.ActiveCfg = Debug|Any CPU
		{44AC5600-D907-49BB-9D7D-7F5A81112387}.Debug|Any CPU.Build.0 = Debug|Any CPU
		{44AC5600-D907-49BB-9D7D-7F5A81112387}.Release|Any CPU.ActiveCfg = Release|Any CPU
		{44AC5600-D907-49BB-9D7D-7F5A81112387}.Release|Any CPU.Build.0 = Release|Any CPU
	EndGlobalSection
EndGlobal
